<?xml version="1.0" encoding="utf-8"?>
<Project ToolsVersion="4.0" xmlns="http://schemas.microsoft.com/developer/msbuild/2003">
  <ItemGroup>
    <Filter Include="common">
      <UniqueIdentifier>{93995380-89BD-4b04-88EB-625FBE52EBFB}</UniqueIdentifier>
      <Extensions>h;hh;hpp;hxx;hm;inl;inc;xsd</Extensions>
    </Filter>
    <Filter Include="interface">
      <UniqueIdentifier>{67DA6AB6-F800-4c08-8B7A-83BB121AAD01}</UniqueIdentifier>
      <Extensions>rc;ico;cur;bmp;dlg;rc2;rct;bin;rgs;gif;jpg;jpeg;jpe;resx;tiff;tif;png;wav;mfcribbon-ms</Extensions>
    </Filter>
    <Filter Include="source">
      <UniqueIdentifier>{4FC737F1-C7A5-4376-A066-2A32D752A2FF}</UniqueIdentifier>
      <Extensions>cpp;c;cc;cxx;def;odl;idl;hpj;bat;asm;asmx</Extensions>
    </Filter>
    <Filter Include="source\Buffer">
      <UniqueIdentifier>{3581a465-7f2f-4298-a027-07d17536c668}</UniqueIdentifier>
    </Filter>
    <Filter Include="source\Shader">
      <UniqueIdentifier>{24d8c264-763a-4ffd-9e4b-02d96efe7529}</UniqueIdentifier>
    </Filter>
  </ItemGroup>
  <ItemGroup>
    <Text Include="ReadMe.txt" />
  </ItemGroup>
  <ItemGroup>
    <ClInclude Include="stdafx.h">
      <Filter>common</Filter>
    </ClInclude>
    <ClInclude Include="targetver.h">
      <Filter>common</Filter>
    </ClInclude>
    <ClInclude Include="..\include\mczd3d11.h">
      <Filter>interface</Filter>
    </ClInclude>
    <ClInclude Include="..\include\mczd3d11Format.h">
      <Filter>interface</Filter>
    </ClInclude>
    <ClInclude Include="Device.h">
      <Filter>source</Filter>
    </ClInclude>
    <ClInclude Include="D3DFactory.h">
      <Filter>source</Filter>
    </ClInclude>
    <ClInclude Include="VertexBuffer.h">
      <Filter>source\Buffer</Filter>
    </ClInclude>
    <ClInclude Include="VertexTypeMgr.h">
      <Filter>source\Buffer</Filter>
    </ClInclude>
  </ItemGroup>
  <ItemGroup>
    <ClCompile Include="stdafx.cpp">
      <Filter>common</Filter>
    </ClCompile>
    <ClCompile Include="mczd3d11.cpp">
      <Filter>source</Filter>
    </ClCompile>
    <ClCompile Include="Device.cpp">
      <Filter>source</Filter>
    </ClCompile>
    <ClCompile Include="D3DFactory.cpp">
      <Filter>source</Filter>
    </ClCompile>
    <ClCompile Include="mczd3d11Format.cpp">
      <Filter>source</Filter>
    </ClCompile>
    <ClCompile Include="VertexBuffer.cpp">
      <Filter>source\Buffer</Filter>
    </ClCompile>
    <ClCompile Include="VertexTypeMgr.cpp">
      <Filter>source\Buffer</Filter>
    </ClCompile>
  </ItemGroup>
</Project>